// !$*UTF8*$!
{
	archiveVersion = 1;
	classes = {
	};
	objectVersion = 50;
	objects = {

/* Begin PBXBuildFile section */
		8371216323286F5800609E5C /* AppDelegate.swift in Sources */ = {isa = PBXBuildFile; fileRef = 8371216223286F5800609E5C /* AppDelegate.swift */; };
		8371216523286F5800609E5C /* MediaViewController.swift in Sources */ = {isa = PBXBuildFile; fileRef = 8371216423286F5800609E5C /* MediaViewController.swift */; };
		8371216A23286F5900609E5C /* Assets.xcassets in Resources */ = {isa = PBXBuildFile; fileRef = 8371216923286F5900609E5C /* Assets.xcassets */; };
		8371216D23286F5900609E5C /* LaunchScreen.storyboard in Resources */ = {isa = PBXBuildFile; fileRef = 8371216B23286F5900609E5C /* LaunchScreen.storyboard */; };
		8371217823286F5900609E5C /* NikeCodingAssingmentTests.swift in Sources */ = {isa = PBXBuildFile; fileRef = 8371217723286F5900609E5C /* NikeCodingAssingmentTests.swift */; };
		8371218323286F5900609E5C /* NikeCodingAssingmentUITests.swift in Sources */ = {isa = PBXBuildFile; fileRef = 8371218223286F5900609E5C /* NikeCodingAssingmentUITests.swift */; };
		837121962328721900609E5C /* MediaViewModel.swift in Sources */ = {isa = PBXBuildFile; fileRef = 837121952328721900609E5C /* MediaViewModel.swift */; };
		83712198232876A700609E5C /* WebService.swift in Sources */ = {isa = PBXBuildFile; fileRef = 83712197232876A700609E5C /* WebService.swift */; };
		8371219A2328788A00609E5C /* MediaTableViewCell.swift in Sources */ = {isa = PBXBuildFile; fileRef = 837121992328788A00609E5C /* MediaTableViewCell.swift */; };
		8371219D23287B6700609E5C /* MediaDetailViewController.swift in Sources */ = {isa = PBXBuildFile; fileRef = 8371219C23287B6700609E5C /* MediaDetailViewController.swift */; };
/* End PBXBuildFile section */

/* Begin PBXContainerItemProxy section */
		8371217423286F5900609E5C /* PBXContainerItemProxy */ = {
			isa = PBXContainerItemProxy;
			containerPortal = 8371215723286F5800609E5C /* Project object */;
			proxyType = 1;
			remoteGlobalIDString = 8371215E23286F5800609E5C;
			remoteInfo = NikeCodingAssingment;
		};
		8371217F23286F5900609E5C /* PBXContainerItemProxy */ = {
			isa = PBXContainerItemProxy;
			containerPortal = 8371215723286F5800609E5C /* Project object */;
			proxyType = 1;
			remoteGlobalIDString = 8371215E23286F5800609E5C;
			remoteInfo = NikeCodingAssingment;
		};
/* End PBXContainerItemProxy section */

/* Begin PBXFileReference section */
		8371215F23286F5800609E5C /* NikeCodingAssingment.app */ = {isa = PBXFileReference; explicitFileType = wrapper.application; includeInIndex = 0; path = NikeCodingAssingment.app; sourceTree = BUILT_PRODUCTS_DIR; };
		8371216223286F5800609E5C /* AppDelegate.swift */ = {isa = PBXFileReference; lastKnownFileType = sourcecode.swift; path = AppDelegate.swift; sourceTree = "<group>"; };
		8371216423286F5800609E5C /* MediaViewController.swift */ = {isa = PBXFileReference; lastKnownFileType = sourcecode.swift; path = MediaViewController.swift; sourceTree = "<group>"; };
		8371216923286F5900609E5C /* Assets.xcassets */ = {isa = PBXFileReference; lastKnownFileType = folder.assetcatalog; path = Assets.xcassets; sourceTree = "<group>"; };
		8371216C23286F5900609E5C /* Base */ = {isa = PBXFileReference; lastKnownFileType = file.storyboard; name = Base; path = Base.lproj/LaunchScreen.storyboard; sourceTree = "<group>"; };
		8371216E23286F5900609E5C /* Info.plist */ = {isa = PBXFileReference; lastKnownFileType = text.plist.xml; path = Info.plist; sourceTree = "<group>"; };
		8371217323286F5900609E5C /* NikeCodingAssingmentTests.xctest */ = {isa = PBXFileReference; explicitFileType = wrapper.cfbundle; includeInIndex = 0; path = NikeCodingAssingmentTests.xctest; sourceTree = BUILT_PRODUCTS_DIR; };
		8371217723286F5900609E5C /* NikeCodingAssingmentTests.swift */ = {isa = PBXFileReference; lastKnownFileType = sourcecode.swift; path = NikeCodingAssingmentTests.swift; sourceTree = "<group>"; };
		8371217923286F5900609E5C /* Info.plist */ = {isa = PBXFileReference; lastKnownFileType = text.plist.xml; path = Info.plist; sourceTree = "<group>"; };
		8371217E23286F5900609E5C /* NikeCodingAssingmentUITests.xctest */ = {isa = PBXFileReference; explicitFileType = wrapper.cfbundle; includeInIndex = 0; path = NikeCodingAssingmentUITests.xctest; sourceTree = BUILT_PRODUCTS_DIR; };
		8371218223286F5900609E5C /* NikeCodingAssingmentUITests.swift */ = {isa = PBXFileReference; lastKnownFileType = sourcecode.swift; path = NikeCodingAssingmentUITests.swift; sourceTree = "<group>"; };
		8371218423286F5900609E5C /* Info.plist */ = {isa = PBXFileReference; lastKnownFileType = text.plist.xml; path = Info.plist; sourceTree = "<group>"; };
		837121952328721900609E5C /* MediaViewModel.swift */ = {isa = PBXFileReference; lastKnownFileType = sourcecode.swift; path = MediaViewModel.swift; sourceTree = "<group>"; };
		83712197232876A700609E5C /* WebService.swift */ = {isa = PBXFileReference; lastKnownFileType = sourcecode.swift; path = WebService.swift; sourceTree = "<group>"; };
		837121992328788A00609E5C /* MediaTableViewCell.swift */ = {isa = PBXFileReference; lastKnownFileType = sourcecode.swift; path = MediaTableViewCell.swift; sourceTree = "<group>"; };
		8371219C23287B6700609E5C /* MediaDetailViewController.swift */ = {isa = PBXFileReference; lastKnownFileType = sourcecode.swift; path = MediaDetailViewController.swift; sourceTree = "<group>"; };
/* End PBXFileReference section */

/* Begin PBXFrameworksBuildPhase section */
		8371215C23286F5800609E5C /* Frameworks */ = {
			isa = PBXFrameworksBuildPhase;
			buildActionMask = 2147483647;
			files = (
			);
			runOnlyForDeploymentPostprocessing = 0;
		};
		8371217023286F5900609E5C /* Frameworks */ = {
			isa = PBXFrameworksBuildPhase;
			buildActionMask = 2147483647;
			files = (
			);
			runOnlyForDeploymentPostprocessing = 0;
		};
		8371217B23286F5900609E5C /* Frameworks */ = {
			isa = PBXFrameworksBuildPhase;
			buildActionMask = 2147483647;
			files = (
			);
			runOnlyForDeploymentPostprocessing = 0;
		};
/* End PBXFrameworksBuildPhase section */

/* Begin PBXGroup section */
		8371215623286F5800609E5C = {
			isa = PBXGroup;
			children = (
				8371216123286F5800609E5C /* NikeCodingAssingment */,
				8371217623286F5900609E5C /* NikeCodingAssingmentTests */,
				8371218123286F5900609E5C /* NikeCodingAssingmentUITests */,
				8371216023286F5800609E5C /* Products */,
			);
			sourceTree = "<group>";
		};
		8371216023286F5800609E5C /* Products */ = {
			isa = PBXGroup;
			children = (
				8371215F23286F5800609E5C /* NikeCodingAssingment.app */,
				8371217323286F5900609E5C /* NikeCodingAssingmentTests.xctest */,
				8371217E23286F5900609E5C /* NikeCodingAssingmentUITests.xctest */,
			);
			name = Products;
			sourceTree = "<group>";
		};
		8371216123286F5800609E5C /* NikeCodingAssingment */ = {
			isa = PBXGroup;
			children = (
				8371219B232878A200609E5C /* Views */,
				8371219023286F6B00609E5C /* ViewModel */,
				8371216223286F5800609E5C /* AppDelegate.swift */,
				83712197232876A700609E5C /* WebService.swift */,
				8371216923286F5900609E5C /* Assets.xcassets */,
				8371216B23286F5900609E5C /* LaunchScreen.storyboard */,
				8371216E23286F5900609E5C /* Info.plist */,
			);
			path = NikeCodingAssingment;
			sourceTree = "<group>";
		};
		8371217623286F5900609E5C /* NikeCodingAssingmentTests */ = {
			isa = PBXGroup;
			children = (
				8371217723286F5900609E5C /* NikeCodingAssingmentTests.swift */,
				8371217923286F5900609E5C /* Info.plist */,
			);
			path = NikeCodingAssingmentTests;
			sourceTree = "<group>";
		};
		8371218123286F5900609E5C /* NikeCodingAssingmentUITests */ = {
			isa = PBXGroup;
			children = (
				8371218223286F5900609E5C /* NikeCodingAssingmentUITests.swift */,
				8371218423286F5900609E5C /* Info.plist */,
			);
			path = NikeCodingAssingmentUITests;
			sourceTree = "<group>";
		};
		8371219023286F6B00609E5C /* ViewModel */ = {
			isa = PBXGroup;
			children = (
				837121952328721900609E5C /* MediaViewModel.swift */,
			);
			path = ViewModel;
			sourceTree = "<group>";
		};
		8371219B232878A200609E5C /* Views */ = {
			isa = PBXGroup;
			children = (
				8371216423286F5800609E5C /* MediaViewController.swift */,
				837121992328788A00609E5C /* MediaTableViewCell.swift */,
				8371219C23287B6700609E5C /* MediaDetailViewController.swift */,
			);
			path = Views;
			sourceTree = "<group>";
		};
/* End PBXGroup section */

/* Begin PBXNativeTarget section */
		8371215E23286F5800609E5C /* NikeCodingAssingment */ = {
			isa = PBXNativeTarget;
			buildConfigurationList = 8371218723286F5900609E5C /* Build configuration list for PBXNativeTarget "NikeCodingAssingment" */;
			buildPhases = (
				8371215B23286F5800609E5C /* Sources */,
				8371215C23286F5800609E5C /* Frameworks */,
				8371215D23286F5800609E5C /* Resources */,
			);
			buildRules = (
			);
			dependencies = (
			);
			name = NikeCodingAssingment;
			productName = NikeCodingAssingment;
			productReference = 8371215F23286F5800609E5C /* NikeCodingAssingment.app */;
			productType = "com.apple.product-type.application";
		};
		8371217223286F5900609E5C /* NikeCodingAssingmentTests */ = {
			isa = PBXNativeTarget;
			buildConfigurationList = 8371218A23286F5900609E5C /* Build configuration list for PBXNativeTarget "NikeCodingAssingmentTests" */;
			buildPhases = (
				8371216F23286F5900609E5C /* Sources */,
				8371217023286F5900609E5C /* Frameworks */,
				8371217123286F5900609E5C /* Resources */,
			);
			buildRules = (
			);
			dependencies = (
				8371217523286F5900609E5C /* PBXTargetDependency */,
			);
			name = NikeCodingAssingmentTests;
			productName = NikeCodingAssingmentTests;
			productReference = 8371217323286F5900609E5C /* NikeCodingAssingmentTests.xctest */;
			productType = "com.apple.product-type.bundle.unit-test";
		};
		8371217D23286F5900609E5C /* NikeCodingAssingmentUITests */ = {
			isa = PBXNativeTarget;
			buildConfigurationList = 8371218D23286F5900609E5C /* Build configuration list for PBXNativeTarget "NikeCodingAssingmentUITests" */;
			buildPhases = (
				8371217A23286F5900609E5C /* Sources */,
				8371217B23286F5900609E5C /* Frameworks */,
				8371217C23286F5900609E5C /* Resources */,
			);
			buildRules = (
			);
			dependencies = (
				8371218023286F5900609E5C /* PBXTargetDependency */,
			);
			name = NikeCodingAssingmentUITests;
			productName = NikeCodingAssingmentUITests;
			productReference = 8371217E23286F5900609E5C /* NikeCodingAssingmentUITests.xctest */;
			productType = "com.apple.product-type.bundle.ui-testing";
		};
/* End PBXNativeTarget section */

/* Begin PBXProject section */
		8371215723286F5800609E5C /* Project object */ = {
			isa = PBXProject;
			attributes = {
				LastSwiftUpdateCheck = 1030;
				LastUpgradeCheck = 1030;
				ORGANIZATIONNAME = "Nitin Pabba";
				TargetAttributes = {
					8371215E23286F5800609E5C = {
						CreatedOnToolsVersion = 10.3;
					};
					8371217223286F5900609E5C = {
						CreatedOnToolsVersion = 10.3;
						TestTargetID = 8371215E23286F5800609E5C;
					};
					8371217D23286F5900609E5C = {
						CreatedOnToolsVersion = 10.3;
						TestTargetID = 8371215E23286F5800609E5C;
					};
				};
			};
			buildConfigurationList = 8371215A23286F5800609E5C /* Build configuration list for PBXProject "NikeCodingAssingment" */;
			compatibilityVersion = "Xcode 9.3";
			developmentRegion = en;
			hasScannedForEncodings = 0;
			knownRegions = (
				en,
				Base,
			);
			mainGroup = 8371215623286F5800609E5C;
			productRefGroup = 8371216023286F5800609E5C /* Products */;
			projectDirPath = "";
			projectRoot = "";
			targets = (
				8371215E23286F5800609E5C /* NikeCodingAssingment */,
				8371217223286F5900609E5C /* NikeCodingAssingmentTests */,
				8371217D23286F5900609E5C /* NikeCodingAssingmentUITests */,
			);
		};
/* End PBXProject section */

/* Begin PBXResourcesBuildPhase section */
		8371215D23286F5800609E5C /* Resources */ = {
			isa = PBXResourcesBuildPhase;
			buildActionMask = 2147483647;
			files = (
				8371216D23286F5900609E5C /* LaunchScreen.storyboard in Resources */,
				8371216A23286F5900609E5C /* Assets.xcassets in Resources */,
			);
			runOnlyForDeploymentPostprocessing = 0;
		};
		8371217123286F5900609E5C /* Resources */ = {
			isa = PBXResourcesBuildPhase;
			buildActionMask = 2147483647;
			files = (
			);
			runOnlyForDeploymentPostprocessing = 0;
		};
		8371217C23286F5900609E5C /* Resources */ = {
			isa = PBXResourcesBuildPhase;
			buildActionMask = 2147483647;
			files = (
			);
			runOnlyForDeploymentPostprocessing = 0;
		};
/* End PBXResourcesBuildPhase section */

/* Begin PBXSourcesBuildPhase section */
		8371215B23286F5800609E5C /* Sources */ = {
			isa = PBXSourcesBuildPhase;
			buildActionMask = 2147483647;
			files = (
				8371216523286F5800609E5C /* MediaViewController.swift in Sources */,
				837121962328721900609E5C /* MediaViewModel.swift in Sources */,
				8371219D23287B6700609E5C /* MediaDetailViewController.swift in Sources */,
				83712198232876A700609E5C /* WebService.swift in Sources */,
				8371216323286F5800609E5C /* AppDelegate.swift in Sources */,
				8371219A2328788A00609E5C /* MediaTableViewCell.swift in Sources */,
			);
			runOnlyForDeploymentPostprocessing = 0;
		};
		8371216F23286F5900609E5C /* Sources */ = {
			isa = PBXSourcesBuildPhase;
			buildActionMask = 2147483647;
			files = (
				8371217823286F5900609E5C /* NikeCodingAssingmentTests.swift in Sources */,
			);
			runOnlyForDeploymentPostprocessing = 0;
		};
		8371217A23286F5900609E5C /* Sources */ = {
			isa = PBXSourcesBuildPhase;
			buildActionMask = 2147483647;
			files = (
				8371218323286F5900609E5C /* NikeCodingAssingmentUITests.swift in Sources */,
			);
			runOnlyForDeploymentPostprocessing = 0;
		};
/* End PBXSourcesBuildPhase section */

/* Begin PBXTargetDependency section */
		8371217523286F5900609E5C /* PBXTargetDependency */ = {
			isa = PBXTargetDependency;
			target = 8371215E23286F5800609E5C /* NikeCodingAssingment */;
			targetProxy = 8371217423286F5900609E5C /* PBXContainerItemProxy */;
		};
		8371218023286F5900609E5C /* PBXTargetDependency */ = {
			isa = PBXTargetDependency;
			target = 8371215E23286F5800609E5C /* NikeCodingAssingment */;
			targetProxy = 8371217F23286F5900609E5C /* PBXContainerItemProxy */;
		};
/* End PBXTargetDependency section */

/* Begin PBXVariantGroup section */
		8371216B23286F5900609E5C /* LaunchScreen.storyboard */ = {
			isa = PBXVariantGroup;
			children = (
				8371216C23286F5900609E5C /* Base */,
			);
			name = LaunchScreen.storyboard;
			sourceTree = "<group>";
		};
/* End PBXVariantGroup section */

/* Begin XCBuildConfiguration section */
		8371218523286F5900609E5C /* Debug */ = {
			isa = XCBuildConfiguration;
			buildSettings = {
				ALWAYS_SEARCH_USER_PATHS = NO;
				CLANG_ANALYZER_NONNULL = YES;
				CLANG_ANALYZER_NUMBER_OBJECT_CONVERSION = YES_AGGRESSIVE;
				CLANG_CXX_LANGUAGE_STANDARD = "gnu++14";
				CLANG_CXX_LIBRARY = "libc++";
				CLANG_ENABLE_MODULES = YES;
				CLANG_ENABLE_OBJC_ARC = YES;
				CLANG_ENABLE_OBJC_WEAK = YES;
				CLANG_WARN_BLOCK_CAPTURE_AUTORELEASING = YES;
				CLANG_WARN_BOOL_CONVERSION = YES;
				CLANG_WARN_COMMA = YES;
				CLANG_WARN_CONSTANT_CONVERSION = YES;
				CLANG_WARN_DEPRECATED_OBJC_IMPLEMENTATIONS = YES;
				CLANG_WARN_DIRECT_OBJC_ISA_USAGE = YES_ERROR;
				CLANG_WARN_DOCUMENTATION_COMMENTS = YES;
				CLANG_WARN_EMPTY_BODY = YES;
				CLANG_WARN_ENUM_CONVERSION = YES;
				CLANG_WARN_INFINITE_RECURSION = YES;
				CLANG_WARN_INT_CONVERSION = YES;
				CLANG_WARN_NON_LITERAL_NULL_CONVERSION = YES;
				CLANG_WARN_OBJC_IMPLICIT_RETAIN_SELF = YES;
				CLANG_WARN_OBJC_LITERAL_CONVERSION = YES;
				CLANG_WARN_OBJC_ROOT_CLASS = YES_ERROR;
				CLANG_WARN_RANGE_LOOP_ANALYSIS = YES;
				CLANG_WARN_STRICT_PROTOTYPES = YES;
				CLANG_WARN_SUSPICIOUS_MOVE = YES;
				CLANG_WARN_UNGUARDED_AVAILABILITY = YES_AGGRESSIVE;
				CLANG_WARN_UNREACHABLE_CODE = YES;
				CLANG_WARN__DUPLICATE_METHOD_MATCH = YES;
				CODE_SIGN_IDENTITY = "iPhone Developer";
				COPY_PHASE_STRIP = NO;
				DEBUG_INFORMATION_FORMAT = dwarf;
				ENABLE_STRICT_OBJC_MSGSEND = YES;
				ENABLE_TESTABILITY = YES;
				GCC_C_LANGUAGE_STANDARD = gnu11;
				GCC_DYNAMIC_NO_PIC = NO;
				GCC_NO_COMMON_BLOCKS = YES;
				GCC_OPTIMIZATION_LEVEL = 0;
				GCC_PREPROCESSOR_DEFINITIONS = (
					"DEBUG=1",
					"$(inherited)",
				);
				GCC_WARN_64_TO_32_BIT_CONVERSION = YES;
				GCC_WARN_ABOUT_RETURN_TYPE = YES_ERROR;
				GCC_WARN_UNDECLARED_SELECTOR = YES;
				GCC_WARN_UNINITIALIZED_AUTOS = YES_AGGRESSIVE;
				GCC_WARN_UNUSED_FUNCTION = YES;
				GCC_WARN_UNUSED_VARIABLE = YES;
				IPHONEOS_DEPLOYMENT_TARGET = 12.4;
				MTL_ENABLE_DEBUG_INFO = INCLUDE_SOURCE;
				MTL_FAST_MATH = YES;
				ONLY_ACTIVE_ARCH = YES;
				SDKROOT = iphoneos;
				SWIFT_ACTIVE_COMPILATION_CONDITIONS = DEBUG;
				SWIFT_OPTIMIZATION_LEVEL = "-Onone";
			};
			name = Debug;
		};
		8371218623286F5900609E5C /* Release */ = {
			isa = XCBuildConfiguration;
			buildSettings = {
				ALWAYS_SEARCH_USER_PATHS = NO;
				CLANG_ANALYZER_NONNULL = YES;
				CLANG_ANALYZER_NUMBER_OBJECT_CONVERSION = YES_AGGRESSIVE;
				CLANG_CXX_LANGUAGE_STANDARD = "gnu++14";
				CLANG_CXX_LIBRARY = "libc++";
				CLANG_ENABLE_MODULES = YES;
				CLANG_ENABLE_OBJC_ARC = YES;
				CLANG_ENABLE_OBJC_WEAK = YES;
				CLANG_WARN_BLOCK_CAPTURE_AUTORELEASING = YES;
				CLANG_WARN_BOOL_CONVERSION = YES;
				CLANG_WARN_COMMA = YES;
				CLANG_WARN_CONSTANT_CONVERSION = YES;
				CLANG_WARN_DEPRECATED_OBJC_IMPLEMENTATIONS = YES;
				CLANG_WARN_DIRECT_OBJC_ISA_USAGE = YES_ERROR;
				CLANG_WARN_DOCUMENTATION_COMMENTS = YES;
				CLANG_WARN_EMPTY_BODY = YES;
				CLANG_WARN_ENUM_CONVERSION = YES;
				CLANG_WARN_INFINITE_RECURSION = YES;
				CLANG_WARN_INT_CONVERSION = YES;
				CLANG_WARN_NON_LITERAL_NULL_CONVERSION = YES;
				CLANG_WARN_OBJC_IMPLICIT_RETAIN_SELF = YES;
				CLANG_WARN_OBJC_LITERAL_CONVERSION = YES;
				CLANG_WARN_OBJC_ROOT_CLASS = YES_ERROR;
				CLANG_WARN_RANGE_LOOP_ANALYSIS = YES;
				CLANG_WARN_STRICT_PROTOTYPES = YES;
				CLANG_WARN_SUSPICIOUS_MOVE = YES;
				CLANG_WARN_UNGUARDED_AVAILABILITY = YES_AGGRESSIVE;
				CLANG_WARN_UNREACHABLE_CODE = YES;
				CLANG_WARN__DUPLICATE_METHOD_MATCH = YES;
				CODE_SIGN_IDENTITY = "iPhone Developer";
				COPY_PHASE_STRIP = NO;
				DEBUG_INFORMATION_FORMAT = "dwarf-with-dsym";
				ENABLE_NS_ASSERTIONS = NO;
				ENABLE_STRICT_OBJC_MSGSEND = YES;
				GCC_C_LANGUAGE_STANDARD = gnu11;
				GCC_NO_COMMON_BLOCKS = YES;
				GCC_WARN_64_TO_32_BIT_CONVERSION = YES;
				GCC_WARN_ABOUT_RETURN_TYPE = YES_ERROR;
				GCC_WARN_UNDECLARED_SELECTOR = YES;
				GCC_WARN_UNINITIALIZED_AUTOS = YES_AGGRESSIVE;
				GCC_WARN_UNUSED_FUNCTION = YES;
				GCC_WARN_UNUSED_VARIABLE = YES;
				IPHONEOS_DEPLOYMENT_TARGET = 12.4;
				MTL_ENABLE_DEBUG_INFO = NO;
				MTL_FAST_MATH = YES;
				SDKROOT = iphoneos;
				SWIFT_COMPILATION_MODE = wholemodule;
				SWIFT_OPTIMIZATION_LEVEL = "-O";
				VALIDATE_PRODUCT = YES;
			};
			name = Release;
		};
		8371218823286F5900609E5C /* Debug */ = {
			isa = XCBuildConfiguration;
			buildSettings = {
				ASSETCATALOG_COMPILER_APPICON_NAME = AppIcon;
				CODE_SIGN_STYLE = Automatic;
				INFOPLIST_FILE = NikeCodingAssingment/Info.plist;
				LD_RUNPATH_SEARCH_PATHS = (
					"$(inherited)",
					"@executable_path/Frameworks",
				);
				PRODUCT_BUNDLE_IDENTIFIER = Testing.NikeCodingAssingment;
				PRODUCT_NAME = "$(TARGET_NAME)";
				SWIFT_VERSION = 5.0;
				TARGETED_DEVICE_FAMILY = "1,2";
			};
			name = Debug;
		};
		8371218923286F5900609E5C /* Release */ = {
			isa = XCBuildConfiguration;
			buildSettings = {
				ASSETCATALOG_COMPILER_APPICON_NAME = AppIcon;
				CODE_SIGN_STYLE = Automatic;
				INFOPLIST_FILE = NikeCodingAssingment/Info.plist;
				LD_RUNPATH_SEARCH_PATHS = (
					"$(inherited)",
					"@executable_path/Frameworks",
				);
				PRODUCT_BUNDLE_IDENTIFIER = Testing.NikeCodingAssingment;
				PRODUCT_NAME = "$(TARGET_NAME)";
				SWIFT_VERSION = 5.0;
				TARGETED_DEVICE_FAMILY = "1,2";
			};
			name = Release;
		};
		8371218B23286F5900609E5C /* Debug */ = {
			isa = XCBuildConfiguration;
			buildSettings = {
				ALWAYS_EMBED_SWIFT_STANDARD_LIBRARIES = YES;
				BUNDLE_LOADER = "$(TEST_HOST)";
				CODE_SIGN_STYLE = Automatic;
				INFOPLIST_FILE = NikeCodingAssingmentTests/Info.plist;
				LD_RUNPATH_SEARCH_PATHS = (
					"$(inherited)",
					"@executable_path/Frameworks",
					"@loader_path/Frameworks",
				);
				PRODUCT_BUNDLE_IDENTIFIER = Testing.NikeCodingAssingmentTests;
				PRODUCT_NAME = "$(TARGET_NAME)";
				SWIFT_VERSION = 5.0;
				TARGETED_DEVICE_FAMILY = "1,2";
				TEST_HOST = "$(BUILT_PRODUCTS_DIR)/NikeCodingAssingment.app/NikeCodingAssingment";
			};
			name = Debug;
		};
		8371218C23286F5900609E5C /* Release */ = {
			isa = XCBuildConfiguration;
			buildSettings = {
				ALWAYS_EMBED_SWIFT_STANDARD_LIBRARIES = YES;
				BUNDLE_LOADER = "$(TEST_HOST)";
				CODE_SIGN_STYLE = Automatic;
				INFOPLIST_FILE = NikeCodingAssingmentTests/Info.plist;
				LD_RUNPATH_SEARCH_PATHS = (
					"$(inherited)",
					"@executable_path/Frameworks",
					"@loader_path/Frameworks",
				);
				PRODUCT_BUNDLE_IDENTIFIER = Testing.NikeCodingAssingmentTests;
				PRODUCT_NAME = "$(TARGET_NAME)";
				SWIFT_VERSION = 5.0;
				TARGETED_DEVICE_FAMILY = "1,2";
				TEST_HOST = "$(BUILT_PRODUCTS_DIR)/NikeCodingAssingment.app/NikeCodingAssingment";
			};
			name = Release;
		};
		8371218E23286F5900609E5C /* Debug */ = {
			isa = XCBuildConfiguration;
			buildSettings = {
				ALWAYS_EMBED_SWIFT_STANDARD_LIBRARIES = YES;
				CODE_SIGN_STYLE = Automatic;
				INFOPLIST_FILE = NikeCodingAssingmentUITests/Info.plist;
				LD_RUNPATH_SEARCH_PATHS = (
					"$(inherited)",
					"@executable_path/Frameworks",
					"@loader_path/Frameworks",
				);
				PRODUCT_BUNDLE_IDENTIFIER = Testing.NikeCodingAssingmentUITests;
				PRODUCT_NAME = "$(TARGET_NAME)";
				SWIFT_VERSION = 5.0;
				TARGETED_DEVICE_FAMILY = "1,2";
				TEST_TARGET_NAME = NikeCodingAssingment;
			};
			name = Debug;
		};
		8371218F23286F5900609E5C /* Release */ = {
			isa = XCBuildConfiguration;
			buildSettings = {
				ALWAYS_EMBED_SWIFT_STANDARD_LIBRARIES = YES;
				CODE_SIGN_STYLE = Automatic;
				INFOPLIST_FILE = NikeCodingAssingmentUITests/Info.plist;
				LD_RUNPATH_SEARCH_PATHS = (
					"$(inherited)",
					"@executable_path/Frameworks",
					"@loader_path/Frameworks",
				);
				PRODUCT_BUNDLE_IDENTIFIER = Testing.NikeCodingAssingmentUITests;
				PRODUCT_NAME = "$(TARGET_NAME)";
				SWIFT_VERSION = 5.0;
				TARGETED_DEVICE_FAMILY = "1,2";
				TEST_TARGET_NAME = NikeCodingAssingment;
			};
			name = Release;
		};
/* End XCBuildConfiguration section */

/* Begin XCConfigurationList section */
		8371215A23286F5800609E5C /* Build configuration list for PBXProject "NikeCodingAssingment" */ = {
			isa = XCConfigurationList;
			buildConfigurations = (
				8371218523286F5900609E5C /* Debug */,
				8371218623286F5900609E5C /* Release */,
			);
			defaultConfigurationIsVisible = 0;
			defaultConfigurationName = Release;
		};
		8371218723286F5900609E5C /* Build configuration list for PBXNativeTarget "NikeCodingAssingment" */ = {
			isa = XCConfigurationList;
			buildConfigurations = (
				8371218823286F5900609E5C /* Debug */,
				8371218923286F5900609E5C /* Release */,
			);
			defaultConfigurationIsVisible = 0;
			defaultConfigurationName = Release;
		};
		8371218A23286F5900609E5C /* Build configuration list for PBXNativeTarget "NikeCodingAssingmentTests" */ = {
			isa = XCConfigurationList;
			buildConfigurations = (
				8371218B23286F5900609E5C /* Debug */,
				8371218C23286F5900609E5C /* Release */,
			);
			defaultConfigurationIsVisible = 0;
			defaultConfigurationName = Release;
		};
		8371218D23286F5900609E5C /* Build configuration list for PBXNativeTarget "NikeCodingAssingmentUITests" */ = {
			isa = XCConfigurationList;
			buildConfigurations = (
				8371218E23286F5900609E5C /* Debug */,
				8371218F23286F5900609E5C /* Release */,
			);
			defaultConfigurationIsVisible = 0;
			defaultConfigurationName = Release;
		};
/* End XCConfigurationList section */
	};
	rootObject = 8371215723286F5800609E5C /* Project object */;
}
